// !$*UTF8*$!
{
	archiveVersion = 1;
	classes = {
	};
	objectVersion = 51;
	objects = {

/* Begin PBXBuildFile section */
		04E4BBB723A1B78E001DF173 /* AppDelegate.swift in Sources */ = {isa = PBXBuildFile; fileRef = 04E4BBB623A1B78E001DF173 /* AppDelegate.swift */; };
		04E4BBB923A1B78E001DF173 /* ViewController.swift in Sources */ = {isa = PBXBuildFile; fileRef = 04E4BBB823A1B78E001DF173 /* ViewController.swift */; };
		04E4BBBC23A1B78E001DF173 /* Main.storyboard in Resources */ = {isa = PBXBuildFile; fileRef = 04E4BBBA23A1B78E001DF173 /* Main.storyboard */; };
		04E4BBBE23A1B78F001DF173 /* Assets.xcassets in Resources */ = {isa = PBXBuildFile; fileRef = 04E4BBBD23A1B78F001DF173 /* Assets.xcassets */; };
		04E4BBC123A1B78F001DF173 /* LaunchScreen.storyboard in Resources */ = {isa = PBXBuildFile; fileRef = 04E4BBBF23A1B78F001DF173 /* LaunchScreen.storyboard */; };
		04E4BBCB23A1B8F2001DF173 /* GoogleService-Info.plist in Resources */ = {isa = PBXBuildFile; fileRef = 04E4BBCA23A1B8F2001DF173 /* GoogleService-Info.plist */; };
		04E4BBCF23A1D23C001DF173 /* BmiViewController.swift in Sources */ = {isa = PBXBuildFile; fileRef = 04E4BBCE23A1D23C001DF173 /* BmiViewController.swift */; };
		04E4BBD123A1E21A001DF173 /* cell.swift in Sources */ = {isa = PBXBuildFile; fileRef = 04E4BBD023A1E21A001DF173 /* cell.swift */; };
		3A9C91A99CDCE0CDB491AEA3 /* Pods_BMIApp.framework in Frameworks */ = {isa = PBXBuildFile; fileRef = 1A4329E48578161CFC24F1D9 /* Pods_BMIApp.framework */; };
/* End PBXBuildFile section */

/* Begin PBXFileReference section */
		04E4BBB323A1B78E001DF173 /* BMIApp.app */ = {isa = PBXFileReference; explicitFileType = wrapper.application; includeInIndex = 0; path = BMIApp.app; sourceTree = BUILT_PRODUCTS_DIR; };
		04E4BBB623A1B78E001DF173 /* AppDelegate.swift */ = {isa = PBXFileReference; lastKnownFileType = sourcecode.swift; path = AppDelegate.swift; sourceTree = "<group>"; };
		04E4BBB823A1B78E001DF173 /* ViewController.swift */ = {isa = PBXFileReference; lastKnownFileType = sourcecode.swift; path = ViewController.swift; sourceTree = "<group>"; };
		04E4BBBB23A1B78E001DF173 /* Base */ = {isa = PBXFileReference; lastKnownFileType = file.storyboard; name = Base; path = Base.lproj/Main.storyboard; sourceTree = "<group>"; };
		04E4BBBD23A1B78F001DF173 /* Assets.xcassets */ = {isa = PBXFileReference; lastKnownFileType = folder.assetcatalog; path = Assets.xcassets; sourceTree = "<group>"; };
		04E4BBC023A1B78F001DF173 /* Base */ = {isa = PBXFileReference; lastKnownFileType = file.storyboard; name = Base; path = Base.lproj/LaunchScreen.storyboard; sourceTree = "<group>"; };
		04E4BBC223A1B78F001DF173 /* Info.plist */ = {isa = PBXFileReference; lastKnownFileType = text.plist.xml; path = Info.plist; sourceTree = "<group>"; };
		04E4BBCA23A1B8F2001DF173 /* GoogleService-Info.plist */ = {isa = PBXFileReference; fileEncoding = 4; lastKnownFileType = text.plist.xml; path = "GoogleService-Info.plist"; sourceTree = "<group>"; };
		04E4BBCE23A1D23C001DF173 /* BmiViewController.swift */ = {isa = PBXFileReference; lastKnownFileType = sourcecode.swift; path = BmiViewController.swift; sourceTree = "<group>"; };
		04E4BBD023A1E21A001DF173 /* cell.swift */ = {isa = PBXFileReference; lastKnownFileType = sourcecode.swift; path = cell.swift; sourceTree = "<group>"; };
		1A4329E48578161CFC24F1D9 /* Pods_BMIApp.framework */ = {isa = PBXFileReference; explicitFileType = wrapper.framework; includeInIndex = 0; path = Pods_BMIApp.framework; sourceTree = BUILT_PRODUCTS_DIR; };
		1B46B2D36EF1A4DD4D06D8DF /* Pods-BMIApp.release.xcconfig */ = {isa = PBXFileReference; includeInIndex = 1; lastKnownFileType = text.xcconfig; name = "Pods-BMIApp.release.xcconfig"; path = "Target Support Files/Pods-BMIApp/Pods-BMIApp.release.xcconfig"; sourceTree = "<group>"; };
		9CF70323348419A15BE686F6 /* Pods-BMIApp.debug.xcconfig */ = {isa = PBXFileReference; includeInIndex = 1; lastKnownFileType = text.xcconfig; name = "Pods-BMIApp.debug.xcconfig"; path = "Target Support Files/Pods-BMIApp/Pods-BMIApp.debug.xcconfig"; sourceTree = "<group>"; };
/* End PBXFileReference section */

/* Begin PBXFrameworksBuildPhase section */
		04E4BBB023A1B78E001DF173 /* Frameworks */ = {
			isa = PBXFrameworksBuildPhase;
			buildActionMask = 2147483647;
			files = (
				3A9C91A99CDCE0CDB491AEA3 /* Pods_BMIApp.framework in Frameworks */,
			);
			runOnlyForDeploymentPostprocessing = 0;
		};
/* End PBXFrameworksBuildPhase section */

/* Begin PBXGroup section */
		04E4BBAA23A1B78D001DF173 = {
			isa = PBXGroup;
			children = (
				04E4BBB523A1B78E001DF173 /* BMIApp */,
				04E4BBB423A1B78E001DF173 /* Products */,
				6DB2C6FAC35063867DD4AD54 /* Pods */,
				B90BFD5A45DD34D1EB5C37D3 /* Frameworks */,
			);
			sourceTree = "<group>";
		};
		04E4BBB423A1B78E001DF173 /* Products */ = {
			isa = PBXGroup;
			children = (
				04E4BBB323A1B78E001DF173 /* BMIApp.app */,
			);
			name = Products;
			sourceTree = "<group>";
		};
		04E4BBB523A1B78E001DF173 /* BMIApp */ = {
			isa = PBXGroup;
			children = (
				04E4BBB623A1B78E001DF173 /* AppDelegate.swift */,
				04E4BBB823A1B78E001DF173 /* ViewController.swift */,
				04E4BBBA23A1B78E001DF173 /* Main.storyboard */,
				04E4BBBD23A1B78F001DF173 /* Assets.xcassets */,
				04E4BBBF23A1B78F001DF173 /* LaunchScreen.storyboard */,
				04E4BBC223A1B78F001DF173 /* Info.plist */,
				04E4BBCA23A1B8F2001DF173 /* GoogleService-Info.plist */,
				04E4BBCE23A1D23C001DF173 /* BmiViewController.swift */,
				04E4BBD023A1E21A001DF173 /* cell.swift */,
			);
			path = BMIApp;
			sourceTree = "<group>";
		};
		6DB2C6FAC35063867DD4AD54 /* Pods */ = {
			isa = PBXGroup;
			children = (
				9CF70323348419A15BE686F6 /* Pods-BMIApp.debug.xcconfig */,
				1B46B2D36EF1A4DD4D06D8DF /* Pods-BMIApp.release.xcconfig */,
			);
			path = Pods;
			sourceTree = "<group>";
		};
		B90BFD5A45DD34D1EB5C37D3 /* Frameworks */ = {
			isa = PBXGroup;
			children = (
				1A4329E48578161CFC24F1D9 /* Pods_BMIApp.framework */,
			);
			name = Frameworks;
			sourceTree = "<group>";
		};
/* End PBXGroup section */

/* Begin PBXNativeTarget section */
		04E4BBB223A1B78E001DF173 /* BMIApp */ = {
			isa = PBXNativeTarget;
			buildConfigurationList = 04E4BBC523A1B78F001DF173 /* Build configuration list for PBXNativeTarget "BMIApp" */;
			buildPhases = (
				D902CE6802F4CEB43BA46F78 /* [CP] Check Pods Manifest.lock */,
				04E4BBAF23A1B78E001DF173 /* Sources */,
				04E4BBB023A1B78E001DF173 /* Frameworks */,
				04E4BBB123A1B78E001DF173 /* Resources */,
				D06800664FDD750E9E8A93DA /* [CP] Embed Pods Frameworks */,
			);
			buildRules = (
			);
			dependencies = (
			);
			name = BMIApp;
			productName = BMIApp;
			productReference = 04E4BBB323A1B78E001DF173 /* BMIApp.app */;
			productType = "com.apple.product-type.application";
		};
/* End PBXNativeTarget section */

/* Begin PBXProject section */
		04E4BBAB23A1B78D001DF173 /* Project object */ = {
			isa = PBXProject;
			attributes = {
				LastSwiftUpdateCheck = 1030;
				LastUpgradeCheck = 1030;
				ORGANIZATIONNAME = "Centennial College";
				TargetAttributes = {
					04E4BBB223A1B78E001DF173 = {
						CreatedOnToolsVersion = 10.3;
					};
				};
			};
			buildConfigurationList = 04E4BBAE23A1B78E001DF173 /* Build configuration list for PBXProject "BMIApp" */;
			compatibilityVersion = "Xcode 9.3";
			developmentRegion = en;
			hasScannedForEncodings = 0;
			knownRegions = (
				en,
				Base,
			);
			mainGroup = 04E4BBAA23A1B78D001DF173;
			productRefGroup = 04E4BBB423A1B78E001DF173 /* Products */;
			projectDirPath = "";
			projectRoot = "";
			targets = (
				04E4BBB223A1B78E001DF173 /* BMIApp */,
			);
		};
/* End PBXProject section */

/* Begin PBXResourcesBuildPhase section */
		04E4BBB123A1B78E001DF173 /* Resources */ = {
			isa = PBXResourcesBuildPhase;
			buildActionMask = 2147483647;
			files = (
				04E4BBC123A1B78F001DF173 /* LaunchScreen.storyboard in Resources */,
				04E4BBCB23A1B8F2001DF173 /* GoogleService-Info.plist in Resources */,
				04E4BBBE23A1B78F001DF173 /* Assets.xcassets in Resources */,
				04E4BBBC23A1B78E001DF173 /* Main.storyboard in Resources */,
			);
			runOnlyForDeploymentPostprocessing = 0;
		};
/* End PBXResourcesBuildPhase section */

/* Begin PBXShellScriptBuildPhase section */
		D06800664FDD750E9E8A93DA /* [CP] Embed Pods Frameworks */ = {
			isa = PBXShellScriptBuildPhase;
			buildActionMask = 2147483647;
			files = (
			);
			inputFileListPaths = (
				"${PODS_ROOT}/Target Support Files/Pods-BMIApp/Pods-BMIApp-frameworks-${CONFIGURATION}-input-files.xcfilelist",
			);
			name = "[CP] Embed Pods Frameworks";
			outputFileListPaths = (
				"${PODS_ROOT}/Target Support Files/Pods-BMIApp/Pods-BMIApp-frameworks-${CONFIGURATION}-output-files.xcfilelist",
			);
			runOnlyForDeploymentPostprocessing = 0;
			shellPath = /bin/sh;
			shellScript = "\"${PODS_ROOT}/Target Support Files/Pods-BMIApp/Pods-BMIApp-frameworks.sh\"\n";
			showEnvVarsInLog = 0;
		};
		D902CE6802F4CEB43BA46F78 /* [CP] Check Pods Manifest.lock */ = {
			isa = PBXShellScriptBuildPhase;
			buildActionMask = 2147483647;
			files = (
			);
			inputFileListPaths = (
			);
			inputPaths = (
				"${PODS_PODFILE_DIR_PATH}/Podfile.lock",
				"${PODS_ROOT}/Manifest.lock",
			);
			name = "[CP] Check Pods Manifest.lock";
			outputFileListPaths = (
			);
			outputPaths = (
				"$(DERIVED_FILE_DIR)/Pods-BMIApp-checkManifestLockResult.txt",
			);
			runOnlyForDeploymentPostprocessing = 0;
			shellPath = /bin/sh;
			shellScript = "diff \"${PODS_PODFILE_DIR_PATH}/Podfile.lock\" \"${PODS_ROOT}/Manifest.lock\" > /dev/null\nif [ $? != 0 ] ; then\n    # print error to STDERR\n    echo \"error: The sandbox is not in sync with the Podfile.lock. Run 'pod install' or update your CocoaPods installation.\" >&2\n    exit 1\nfi\n# This output is used by Xcode 'outputs' to avoid re-running this script phase.\necho \"SUCCESS\" > \"${SCRIPT_OUTPUT_FILE_0}\"\n";
			showEnvVarsInLog = 0;
		};
/* End PBXShellScriptBuildPhase section */

/* Begin PBXSourcesBuildPhase section */
		04E4BBAF23A1B78E001DF173 /* Sources */ = {
			isa = PBXSourcesBuildPhase;
			buildActionMask = 2147483647;
			files = (
				04E4BBCF23A1D23C001DF173 /* BmiViewController.swift in Sources */,
				04E4BBD123A1E21A001DF173 /* cell.swift in Sources */,
				04E4BBB923A1B78E001DF173 /* ViewController.swift in Sources */,
				04E4BBB723A1B78E001DF173 /* AppDelegate.swift in Sources */,
			);
			runOnlyForDeploymentPostprocessing = 0;
		};
/* End PBXSourcesBuildPhase section */

/* Begin PBXVariantGroup section */
		04E4BBBA23A1B78E001DF173 /* Main.storyboard */ = {
			isa = PBXVariantGroup;
			children = (
				04E4BBBB23A1B78E001DF173 /* Base */,
			);
			name = Main.storyboard;
			sourceTree = "<group>";
		};
		04E4BBBF23A1B78F001DF173 /* LaunchScreen.storyboard */ = {
			isa = PBXVariantGroup;
			children = (
				04E4BBC023A1B78F001DF173 /* Base */,
			);
			name = LaunchScreen.storyboard;
			sourceTree = "<group>";
		};
/* End PBXVariantGroup section */

/* Begin XCBuildConfiguration section */
		04E4BBC323A1B78F001DF173 /* Debug */ = {
			isa = XCBuildConfiguration;
			buildSettings = {
				ALWAYS_SEARCH_USER_PATHS = NO;
				CLANG_ANALYZER_NONNULL = YES;
				CLANG_ANALYZER_NUMBER_OBJECT_CONVERSION = YES_AGGRESSIVE;
				CLANG_CXX_LANGUAGE_STANDARD = "gnu++14";
				CLANG_CXX_LIBRARY = "libc++";
				CLANG_ENABLE_MODULES = YES;
				CLANG_ENABLE_OBJC_ARC = YES;
				CLANG_ENABLE_OBJC_WEAK = YES;
				CLANG_WARN_BLOCK_CAPTURE_AUTORELEASING = YES;
				CLANG_WARN_BOOL_CONVERSION = YES;
				CLANG_WARN_COMMA = YES;
				CLANG_WARN_CONSTANT_CONVERSION = YES;
				CLANG_WARN_DEPRECATED_OBJC_IMPLEMENTATIONS = YES;
				CLANG_WARN_DIRECT_OBJC_ISA_USAGE = YES_ERROR;
				CLANG_WARN_DOCUMENTATION_COMMENTS = YES;
				CLANG_WARN_EMPTY_BODY = YES;
				CLANG_WARN_ENUM_CONVERSION = YES;
				CLANG_WARN_INFINITE_RECURSION = YES;
				CLANG_WARN_INT_CONVERSION = YES;
				CLANG_WARN_NON_LITERAL_NULL_CONVERSION = YES;
				CLANG_WARN_OBJC_IMPLICIT_RETAIN_SELF = YES;
				CLANG_WARN_OBJC_LITERAL_CONVERSION = YES;
				CLANG_WARN_OBJC_ROOT_CLASS = YES_ERROR;
				CLANG_WARN_RANGE_LOOP_ANALYSIS = YES;
				CLANG_WARN_STRICT_PROTOTYPES = YES;
				CLANG_WARN_SUSPICIOUS_MOVE = YES;
				CLANG_WARN_UNGUARDED_AVAILABILITY = YES_AGGRESSIVE;
				CLANG_WARN_UNREACHABLE_CODE = YES;
				CLANG_WARN__DUPLICATE_METHOD_MATCH = YES;
				CODE_SIGN_IDENTITY = "iPhone Developer";
				COPY_PHASE_STRIP = NO;
				DEBUG_INFORMATION_FORMAT = dwarf;
				ENABLE_STRICT_OBJC_MSGSEND = YES;
				ENABLE_TESTABILITY = YES;
				GCC_C_LANGUAGE_STANDARD = gnu11;
				GCC_DYNAMIC_NO_PIC = NO;
				GCC_NO_COMMON_BLOCKS = YES;
				GCC_OPTIMIZATION_LEVEL = 0;
				GCC_PREPROCESSOR_DEFINITIONS = (
					"DEBUG=1",
					"$(inherited)",
				);
				GCC_WARN_64_TO_32_BIT_CONVERSION = YES;
				GCC_WARN_ABOUT_RETURN_TYPE = YES_ERROR;
				GCC_WARN_UNDECLARED_SELECTOR = YES;
				GCC_WARN_UNINITIALIZED_AUTOS = YES_AGGRESSIVE;
				GCC_WARN_UNUSED_FUNCTION = YES;
				GCC_WARN_UNUSED_VARIABLE = YES;
				IPHONEOS_DEPLOYMENT_TARGET = 12.4;
				MTL_ENABLE_DEBUG_INFO = INCLUDE_SOURCE;
				MTL_FAST_MATH = YES;
				ONLY_ACTIVE_ARCH = YES;
				SDKROOT = iphoneos;
				SWIFT_ACTIVE_COMPILATION_CONDITIONS = DEBUG;
				SWIFT_OPTIMIZATION_LEVEL = "-Onone";
			};
			name = Debug;
		};
		04E4BBC423A1B78F001DF173 /* Release */ = {
			isa = XCBuildConfiguration;
			buildSettings = {
				ALWAYS_SEARCH_USER_PATHS = NO;
				CLANG_ANALYZER_NONNULL = YES;
				CLANG_ANALYZER_NUMBER_OBJECT_CONVERSION = YES_AGGRESSIVE;
				CLANG_CXX_LANGUAGE_STANDARD = "gnu++14";
				CLANG_CXX_LIBRARY = "libc++";
				CLANG_ENABLE_MODULES = YES;
				CLANG_ENABLE_OBJC_ARC = YES;
				CLANG_ENABLE_OBJC_WEAK = YES;
				CLANG_WARN_BLOCK_CAPTURE_AUTORELEASING = YES;
				CLANG_WARN_BOOL_CONVERSION = YES;
				CLANG_WARN_COMMA = YES;
				CLANG_WARN_CONSTANT_CONVERSION = YES;
				CLANG_WARN_DEPRECATED_OBJC_IMPLEMENTATIONS = YES;
				CLANG_WARN_DIRECT_OBJC_ISA_USAGE = YES_ERROR;
				CLANG_WARN_DOCUMENTATION_COMMENTS = YES;
				CLANG_WARN_EMPTY_BODY = YES;
				CLANG_WARN_ENUM_CONVERSION = YES;
				CLANG_WARN_INFINITE_RECURSION = YES;
				CLANG_WARN_INT_CONVERSION = YES;
				CLANG_WARN_NON_LITERAL_NULL_CONVERSION = YES;
				CLANG_WARN_OBJC_IMPLICIT_RETAIN_SELF = YES;
				CLANG_WARN_OBJC_LITERAL_CONVERSION = YES;
				CLANG_WARN_OBJC_ROOT_CLASS = YES_ERROR;
				CLANG_WARN_RANGE_LOOP_ANALYSIS = YES;
				CLANG_WARN_STRICT_PROTOTYPES = YES;
				CLANG_WARN_SUSPICIOUS_MOVE = YES;
				CLANG_WARN_UNGUARDED_AVAILABILITY = YES_AGGRESSIVE;
				CLANG_WARN_UNREACHABLE_CODE = YES;
				CLANG_WARN__DUPLICATE_METHOD_MATCH = YES;
				CODE_SIGN_IDENTITY = "iPhone Developer";
				COPY_PHASE_STRIP = NO;
				DEBUG_INFORMATION_FORMAT = "dwarf-with-dsym";
				ENABLE_NS_ASSERTIONS = NO;
				ENABLE_STRICT_OBJC_MSGSEND = YES;
				GCC_C_LANGUAGE_STANDARD = gnu11;
				GCC_NO_COMMON_BLOCKS = YES;
				GCC_WARN_64_TO_32_BIT_CONVERSION = YES;
				GCC_WARN_ABOUT_RETURN_TYPE = YES_ERROR;
				GCC_WARN_UNDECLARED_SELECTOR = YES;
				GCC_WARN_UNINITIALIZED_AUTOS = YES_AGGRESSIVE;
				GCC_WARN_UNUSED_FUNCTION = YES;
				GCC_WARN_UNUSED_VARIABLE = YES;
				IPHONEOS_DEPLOYMENT_TARGET = 12.4;
				MTL_ENABLE_DEBUG_INFO = NO;
				MTL_FAST_MATH = YES;
				SDKROOT = iphoneos;
				SWIFT_COMPILATION_MODE = wholemodule;
				SWIFT_OPTIMIZATION_LEVEL = "-O";
				VALIDATE_PRODUCT = YES;
			};
			name = Release;
		};
		04E4BBC623A1B78F001DF173 /* Debug */ = {
			isa = XCBuildConfiguration;
			baseConfigurationReference = 9CF70323348419A15BE686F6 /* Pods-BMIApp.debug.xcconfig */;
			buildSettings = {
				ASSETCATALOG_COMPILER_APPICON_NAME = AppIcon;
				CODE_SIGN_STYLE = Automatic;
				DEVELOPMENT_TEAM = 2BULHRS882;
				INFOPLIST_FILE = BMIApp/Info.plist;
				LD_RUNPATH_SEARCH_PATHS = (
					"$(inherited)",
					"@executable_path/Frameworks",
				);
				PRODUCT_BUNDLE_IDENTIFIER = ca.centennialcollege.BMIApp;
				PRODUCT_NAME = "$(TARGET_NAME)";
				SWIFT_VERSION = 5.0;
				TARGETED_DEVICE_FAMILY = "1,2";
			};
			name = Debug;
		};
		04E4BBC723A1B78F001DF173 /* Release */ = {
			isa = XCBuildConfiguration;
			baseConfigurationReference = 1B46B2D36EF1A4DD4D06D8DF /* Pods-BMIApp.release.xcconfig */;
			buildSettings = {
				ASSETCATALOG_COMPILER_APPICON_NAME = AppIcon;
				CODE_SIGN_STYLE = Automatic;
				DEVELOPMENT_TEAM = 2BULHRS882;
				INFOPLIST_FILE = BMIApp/Info.plist;
				LD_RUNPATH_SEARCH_PATHS = (
					"$(inherited)",
					"@executable_path/Frameworks",
				);
				PRODUCT_BUNDLE_IDENTIFIER = ca.centennialcollege.BMIApp;
				PRODUCT_NAME = "$(TARGET_NAME)";
				SWIFT_VERSION = 5.0;
				TARGETED_DEVICE_FAMILY = "1,2";
			};
			name = Release;
		};
/* End XCBuildConfiguration section */

/* Begin XCConfigurationList section */
		04E4BBAE23A1B78E001DF173 /* Build configuration list for PBXProject "BMIApp" */ = {
			isa = XCConfigurationList;
			buildConfigurations = (
				04E4BBC323A1B78F001DF173 /* Debug */,
				04E4BBC423A1B78F001DF173 /* Release */,
			);
			defaultConfigurationIsVisible = 0;
			defaultConfigurationName = Release;
		};
		04E4BBC523A1B78F001DF173 /* Build configuration list for PBXNativeTarget "BMIApp" */ = {
			isa = XCConfigurationList;
			buildConfigurations = (
				04E4BBC623A1B78F001DF173 /* Debug */,
				04E4BBC723A1B78F001DF173 /* Release */,
			);
			defaultConfigurationIsVisible = 0;
			defaultConfigurationName = Release;
		};
/* End XCConfigurationList section */
	};
	rootObject = 04E4BBAB23A1B78D001DF173 /* Project object */;
}
